
Microsoft Visual Studio Solution File, Format Version 12.00
# Visual Studio 2013
Project("{FAE04EC0-301F-11D3-BF4B-00C04F79EFBC}") = "UnityLogin.CSharp", "UnityLogin.CSharp.csproj", "{D71929BB-5870-BC3A-2242-94AD9D03869F}"
EndProject
Global
	GlobalSection(SolutionConfigurationPlatforms) = preSolution
		Debug|Any CPU = Debug|Any CPU
		Release|Any CPU = Release|Any CPU
	EndGlobalSection
	GlobalSection(ProjectConfigurationPlatforms) = postSolution
		{D71929BB-5870-BC3A-2242-94AD9D03869F}.Debug|Any CPU.ActiveCfg = Debug|Any CPU
		{D71929BB-5870-BC3A-2242-94AD9D03869F}.Debug|Any CPU.Build.0 = Debug|Any CPU
		{D71929BB-5870-BC3A-2242-94AD9D03869F}.Release|Any CPU.ActiveCfg = Release|Any CPU
		{D71929BB-5870-BC3A-2242-94AD9D03869F}.Release|Any CPU.Build.0 = Release|Any CPU
	EndGlobalSection
	GlobalSection(SolutionProperties) = preSolution
		HideSolutionNode = FALSE
	EndGlobalSection
EndGlobal
